{
  "name": "nodeCRM",
  "version": "0.0.0",
  "lockfileVersion": 1,
  "requires": true,
  "dependencies": {
    "body-parser": {
      "version": "1.12.4",
      "resolved": "https://registry.npmjs.org/body-parser/-/body-parser-1.12.4.tgz",
      "integrity": "sha1-CQcAxLoohiqFIO83g5X97l9hwik=",
      "requires": {
        "bytes": "1.0.0",
        "content-type": "1.0.1",
        "debug": "2.2.0",
        "depd": "1.0.1",
        "iconv-lite": "0.4.8",
        "on-finished": "2.2.1",
        "qs": "2.4.2",
        "raw-body": "2.0.2",
        "type-is": "1.6.2"
      },
      "dependencies": {
        "bytes": {
          "version": "1.0.0",
          "resolved": "http://registry.npm.taobao.org/bytes/download/bytes-1.0.0.tgz",
          "integrity": "sha1-NWnt6Lo0MV+rmcPpLLBMciDeH6g="
        },
        "content-type": {
          "version": "1.0.1",
          "resolved": "http://registry.npm.taobao.org/content-type/download/content-type-1.0.1.tgz",
          "integrity": "sha1-oZ0iRzJ9wDgFDOYit6FU7FnF5gA="
        },
        "depd": {
          "version": "1.0.1",
          "resolved": "http://registry.npm.taobao.org/depd/download/depd-1.0.1.tgz",
          "integrity": "sha1-gK7GTJ1tl+ZcwqnKqTwKpqv3Oqo="
        },
        "iconv-lite": {
          "version": "0.4.8",
          "resolved": "http://registry.npm.taobao.org/iconv-lite/download/iconv-lite-0.4.8.tgz",
          "integrity": "sha1-xgGadZXyzvynAuq2lKAQvNkpjSA="
        },
        "on-finished": {
          "version": "2.2.1",
          "resolved": "http://registry.npm.taobao.org/on-finished/download/on-finished-2.2.1.tgz",
          "integrity": "sha1-XIXBzDYpn3gCllP2Z/J7a5nrwCk=",
          "requires": {
            "ee-first": "1.1.0"
          },
          "dependencies": {
            "ee-first": {
              "version": "1.1.0",
              "resolved": "http://registry.npm.taobao.org/ee-first/download/ee-first-1.1.0.tgz",
              "integrity": "sha1-ag18YiHkkP7v2S7D9EHJzozQl/Q="
            }
          }
        },
        "qs": {
          "version": "2.4.2",
          "resolved": "http://registry.npm.taobao.org/qs/download/qs-2.4.2.tgz",
          "integrity": "sha1-9854jld33wtQENp/fE5zujJHD1o="
        },
        "raw-body": {
          "version": "2.0.2",
          "resolved": "http://registry.npm.taobao.org/raw-body/download/raw-body-2.0.2.tgz",
          "integrity": "sha1-osL5jIUxzumcY9jSOLfel7tln8o=",
          "requires": {
            "bytes": "2.1.0",
            "iconv-lite": "0.4.8"
          },
          "dependencies": {
            "bytes": {
              "version": "2.1.0",
              "resolved": "http://registry.npm.taobao.org/bytes/download/bytes-2.1.0.tgz",
              "integrity": "sha1-rJPEEOL/ycx89LRks4KJBn9eR7Q="
            }
          }
        },
        "type-is": {
          "version": "1.6.2",
          "resolved": "http://registry.npm.taobao.org/type-is/download/type-is-1.6.2.tgz",
          "integrity": "sha1-aU6D5dEQQX5oHOongifyZK5AbjM=",
          "requires": {
            "media-typer": "0.3.0",
            "mime-types": "2.0.14"
          },
          "dependencies": {
            "media-typer": {
              "version": "0.3.0",
              "resolved": "http://registry.npm.taobao.org/media-typer/download/media-typer-0.3.0.tgz",
              "integrity": "sha1-hxDXrwqmJvj/+hzgAWhUUmMlV0g="
            },
            "mime-types": {
              "version": "2.0.14",
              "resolved": "http://registry.npm.taobao.org/mime-types/download/mime-types-2.0.14.tgz",
              "integrity": "sha1-MQ4VnbI+B3+Lsit0jav6SVcUCqY=",
              "requires": {
                "mime-db": "1.12.0"
              },
              "dependencies": {
                "mime-db": {
                  "version": "1.12.0",
                  "resolved": "http://registry.npm.taobao.org/mime-db/download/mime-db-1.12.0.tgz",
                  "integrity": "sha1-PQxjGA9FjrENMlqqN9fFiuMS6dc="
                }
              }
            }
          }
        }
      }
    },
    "cookie-parser": {
      "version": "1.3.5",
      "resolved": "https://registry.npmjs.org/cookie-parser/-/cookie-parser-1.3.5.tgz",
      "integrity": "sha1-nXVVcPtdF4kHcSJ6AjFNm+fPg1Y=",
      "requires": {
        "cookie": "0.1.3",
        "cookie-signature": "1.0.6"
      },
      "dependencies": {
        "cookie": {
          "version": "0.1.3",
          "resolved": "http://registry.npm.taobao.org/cookie/download/cookie-0.1.3.tgz",
          "integrity": "sha1-5zSlwUF/zkctWu+Cw4HKu2TRpDU="
        },
        "cookie-signature": {
          "version": "1.0.6",
          "resolved": "http://registry.npm.taobao.org/cookie-signature/download/cookie-signature-1.0.6.tgz",
          "integrity": "sha1-4wOogrNCzD7oylE6eZmXNNqzriw="
        }
      }
    },
    "debug": {
      "version": "2.2.0",
      "resolved": "http://registry.npm.taobao.org/debug/download/debug-2.2.0.tgz",
      "integrity": "sha1-+HBX6ZWxofauaklgZkE3vFbwOdo=",
      "requires": {
        "ms": "0.7.1"
      },
      "dependencies": {
        "ms": {
          "version": "0.7.1",
          "resolved": "http://registry.npm.taobao.org/ms/download/ms-0.7.1.tgz",
          "integrity": "sha1-nNE8A62/8ltl7/3nzoZO6VIBcJg="
        }
      }
    },
    "ejs": {
      "version": "2.6.1",
      "resolved": "http://registry.npm.taobao.org/ejs/download/ejs-2.6.1.tgz",
      "integrity": "sha1-SY7A1JVlWrxvI81hho2SZGQHGqA="
    },
    "express": {
      "version": "4.12.4",
      "resolved": "http://registry.npm.taobao.org/express/download/express-4.12.4.tgz",
      "integrity": "sha1-j+wlECVbxrLlgQfEgjnA+jB8GqI=",
      "requires": {
        "accepts": "1.2.8",
        "content-disposition": "0.5.0",
        "content-type": "1.0.1",
        "cookie": "0.1.2",
        "cookie-signature": "1.0.6",
        "debug": "2.2.0",
        "depd": "1.0.1",
        "escape-html": "1.0.1",
        "etag": "1.6.0",
        "finalhandler": "0.3.6",
        "fresh": "0.2.4",
        "merge-descriptors": "1.0.0",
        "methods": "1.1.1",
        "on-finished": "2.2.1",
        "parseurl": "1.3.0",
        "path-to-regexp": "0.1.3",
        "proxy-addr": "1.0.8",
        "qs": "2.4.2",
        "range-parser": "1.0.2",
        "send": "0.12.3",
        "serve-static": "1.9.3",
        "type-is": "1.6.2",
        "utils-merge": "1.0.0",
        "vary": "1.0.0"
      },
      "dependencies": {
        "accepts": {
          "version": "1.2.8",
          "resolved": "http://registry.npm.taobao.org/accepts/download/accepts-1.2.8.tgz",
          "integrity": "sha1-auh/gc61USWBY1MZiLQ1FCz5J+I=",
          "requires": {
            "mime-types": "2.1.0",
            "negotiator": "0.5.3"
          },
          "dependencies": {
            "mime-types": {
              "version": "2.1.0",
              "resolved": "http://registry.npm.taobao.org/mime-types/download/mime-types-2.1.0.tgz",
              "integrity": "sha1-JuQB+0zMH6XIsVusShrvua8FsLE=",
              "requires": {
                "mime-db": "1.13.0"
              },
              "dependencies": {
                "mime-db": {
                  "version": "1.13.0",
                  "resolved": "http://registry.npm.taobao.org/mime-db/download/mime-db-1.13.0.tgz",
                  "integrity": "sha1-/WgIFo/jCDXn6iIF/JgdO2M+TjQ="
                }
              }
            },
            "negotiator": {
              "version": "0.5.3",
              "resolved": "http://registry.npm.taobao.org/negotiator/download/negotiator-0.5.3.tgz",
              "integrity": "sha1-Jp1cR2gQ7JLtvntsLygxY4T5p+g="
            }
          }
        },
        "content-disposition": {
          "version": "0.5.0",
          "resolved": "http://registry.npm.taobao.org/content-disposition/download/content-disposition-0.5.0.tgz",
          "integrity": "sha1-QoT+auBjCHRjnkToCkGMKTQTXp4="
        },
        "content-type": {
          "version": "1.0.1",
          "resolved": "http://registry.npm.taobao.org/content-type/download/content-type-1.0.1.tgz",
          "integrity": "sha1-oZ0iRzJ9wDgFDOYit6FU7FnF5gA="
        },
        "cookie": {
          "version": "0.1.2",
          "resolved": "http://registry.npm.taobao.org/cookie/download/cookie-0.1.2.tgz",
          "integrity": "sha1-cv7D0k5Io0Mgc9kMEmQgBQYQBLE="
        },
        "cookie-signature": {
          "version": "1.0.6",
          "resolved": "http://registry.npm.taobao.org/cookie-signature/download/cookie-signature-1.0.6.tgz",
          "integrity": "sha1-4wOogrNCzD7oylE6eZmXNNqzriw="
        },
        "depd": {
          "version": "1.0.1",
          "resolved": "http://registry.npm.taobao.org/depd/download/depd-1.0.1.tgz",
          "integrity": "sha1-gK7GTJ1tl+ZcwqnKqTwKpqv3Oqo="
        },
        "escape-html": {
          "version": "1.0.1",
          "resolved": "http://registry.npm.taobao.org/escape-html/download/escape-html-1.0.1.tgz",
          "integrity": "sha1-GBoobq05ejmpKFfPsdQwUuNWv/A="
        },
        "etag": {
          "version": "1.6.0",
          "resolved": "http://registry.npm.taobao.org/etag/download/etag-1.6.0.tgz",
          "integrity": "sha1-i8ssavElTEgd/IuZfJBu9ORCwgc=",
          "requires": {
            "crc": "3.2.1"
          },
          "dependencies": {
            "crc": {
              "version": "3.2.1",
              "resolved": "http://registry.npm.taobao.org/crc/download/crc-3.2.1.tgz",
              "integrity": "sha1-XZyPt3okXNXsopHl0tAFM0urAII="
            }
          }
        },
        "finalhandler": {
          "version": "0.3.6",
          "resolved": "http://registry.npm.taobao.org/finalhandler/download/finalhandler-0.3.6.tgz",
          "integrity": "sha1-2vnEFhsbBuABRmsUEd/baXO+E4s=",
          "requires": {
            "debug": "2.2.0",
            "escape-html": "1.0.1",
            "on-finished": "2.2.1"
          }
        },
        "fresh": {
          "version": "0.2.4",
          "resolved": "http://registry.npm.taobao.org/fresh/download/fresh-0.2.4.tgz",
          "integrity": "sha1-NYJJkgbJcjcUGQ7ddLRgT+tKYUw="
        },
        "merge-descriptors": {
          "version": "1.0.0",
          "resolved": "http://registry.npm.taobao.org/merge-descriptors/download/merge-descriptors-1.0.0.tgz",
          "integrity": "sha1-IWnPdTjhsMyH+4jhUC2EdLv3mGQ="
        },
        "methods": {
          "version": "1.1.1",
          "resolved": "http://registry.npm.taobao.org/methods/download/methods-1.1.1.tgz",
          "integrity": "sha1-F+pjZgZtAMWON1uOx9/QRTyJgio="
        },
        "on-finished": {
          "version": "2.2.1",
          "resolved": "http://registry.npm.taobao.org/on-finished/download/on-finished-2.2.1.tgz",
          "integrity": "sha1-XIXBzDYpn3gCllP2Z/J7a5nrwCk=",
          "requires": {
            "ee-first": "1.1.0"
          },
          "dependencies": {
            "ee-first": {
              "version": "1.1.0",
              "resolved": "http://registry.npm.taobao.org/ee-first/download/ee-first-1.1.0.tgz",
              "integrity": "sha1-ag18YiHkkP7v2S7D9EHJzozQl/Q="
            }
          }
        },
        "parseurl": {
          "version": "1.3.0",
          "resolved": "http://registry.npm.taobao.org/parseurl/download/parseurl-1.3.0.tgz",
          "integrity": "sha1-tYBG20Ij4UWvp2AJ5hush8wigbM="
        },
        "path-to-regexp": {
          "version": "0.1.3",
          "resolved": "http://registry.npm.taobao.org/path-to-regexp/download/path-to-regexp-0.1.3.tgz",
          "integrity": "sha1-IbmrgidCed4lsVbqCP0SylG4rss="
        },
        "proxy-addr": {
          "version": "1.0.8",
          "resolved": "http://registry.npm.taobao.org/proxy-addr/download/proxy-addr-1.0.8.tgz",
          "integrity": "sha1-21Tsh4vMEFPVdkZgkhmzcVZ4uv4=",
          "requires": {
            "forwarded": "0.1.0",
            "ipaddr.js": "1.0.1"
          },
          "dependencies": {
            "forwarded": {
              "version": "0.1.0",
              "resolved": "http://registry.npm.taobao.org/forwarded/download/forwarded-0.1.0.tgz",
              "integrity": "sha1-Ge+YdMSuHCl7zweP3mOgm2aoQ2M="
            },
            "ipaddr.js": {
              "version": "1.0.1",
              "resolved": "http://registry.npm.taobao.org/ipaddr.js/download/ipaddr.js-1.0.1.tgz",
              "integrity": "sha1-XziAHcc+BAD8cHY4b27VIV+9j5U="
            }
          }
        },
        "qs": {
          "version": "2.4.2",
          "resolved": "http://registry.npm.taobao.org/qs/download/qs-2.4.2.tgz",
          "integrity": "sha1-9854jld33wtQENp/fE5zujJHD1o="
        },
        "range-parser": {
          "version": "1.0.2",
          "resolved": "http://registry.npm.taobao.org/range-parser/download/range-parser-1.0.2.tgz",
          "integrity": "sha1-BqEqQuUTG6jkV82JIESGfyNE5Uk="
        },
        "send": {
          "version": "0.12.3",
          "resolved": "http://registry.npm.taobao.org/send/download/send-0.12.3.tgz",
          "integrity": "sha1-zRLcWP3iHk+RkCs5sv2gWnptm9w=",
          "requires": {
            "debug": "2.2.0",
            "depd": "1.0.1",
            "destroy": "1.0.3",
            "escape-html": "1.0.1",
            "etag": "1.6.0",
            "fresh": "0.2.4",
            "mime": "1.3.4",
            "ms": "0.7.1",
            "on-finished": "2.2.1",
            "range-parser": "1.0.2"
          },
          "dependencies": {
            "destroy": {
              "version": "1.0.3",
              "resolved": "http://registry.npm.taobao.org/destroy/download/destroy-1.0.3.tgz",
              "integrity": "sha1-tDO0ck5x/YVR2YhRdIUcX8N34sk="
            },
            "mime": {
              "version": "1.3.4",
              "resolved": "http://registry.npm.taobao.org/mime/download/mime-1.3.4.tgz",
              "integrity": "sha1-EV+eO2s9rylZmDyzjxSaLUDrXVM="
            },
            "ms": {
              "version": "0.7.1",
              "resolved": "http://registry.npm.taobao.org/ms/download/ms-0.7.1.tgz",
              "integrity": "sha1-nNE8A62/8ltl7/3nzoZO6VIBcJg="
            }
          }
        },
        "serve-static": {
          "version": "1.9.3",
          "resolved": "http://registry.npm.taobao.org/serve-static/download/serve-static-1.9.3.tgz",
          "integrity": "sha1-X42gcyOtOF/z3FQfGnkXsuQ261c=",
          "requires": {
            "escape-html": "1.0.1",
            "parseurl": "1.3.0",
            "send": "0.12.3",
            "utils-merge": "1.0.0"
          }
        },
        "type-is": {
          "version": "1.6.2",
          "resolved": "http://registry.npm.taobao.org/type-is/download/type-is-1.6.2.tgz",
          "integrity": "sha1-aU6D5dEQQX5oHOongifyZK5AbjM=",
          "requires": {
            "media-typer": "0.3.0",
            "mime-types": "2.0.14"
          },
          "dependencies": {
            "media-typer": {
              "version": "0.3.0",
              "resolved": "http://registry.npm.taobao.org/media-typer/download/media-typer-0.3.0.tgz",
              "integrity": "sha1-hxDXrwqmJvj/+hzgAWhUUmMlV0g="
            },
            "mime-types": {
              "version": "2.0.14",
              "resolved": "http://registry.npm.taobao.org/mime-types/download/mime-types-2.0.14.tgz",
              "integrity": "sha1-MQ4VnbI+B3+Lsit0jav6SVcUCqY=",
              "requires": {
                "mime-db": "1.12.0"
              },
              "dependencies": {
                "mime-db": {
                  "version": "1.12.0",
                  "resolved": "http://registry.npm.taobao.org/mime-db/download/mime-db-1.12.0.tgz",
                  "integrity": "sha1-PQxjGA9FjrENMlqqN9fFiuMS6dc="
                }
              }
            }
          }
        },
        "utils-merge": {
          "version": "1.0.0",
          "resolved": "http://registry.npm.taobao.org/utils-merge/download/utils-merge-1.0.0.tgz",
          "integrity": "sha1-ApT7kiu5N1FTVBxPcJYjHyh8ivg="
        },
        "vary": {
          "version": "1.0.0",
          "resolved": "http://registry.npm.taobao.org/vary/download/vary-1.0.0.tgz",
          "integrity": "sha1-xeds7CDTgg2PKpbnvuOHMcNNoec="
        }
      }
    },
    "express-session": {
      "version": "1.11.3",
      "resolved": "https://registry.npmjs.org/express-session/-/express-session-1.11.3.tgz",
      "integrity": "sha1-XMmPP1/4Ttg1+Ry/CqvQxxB0AK8=",
      "requires": {
        "cookie": "0.1.3",
        "cookie-signature": "1.0.6",
        "crc": "3.3.0",
        "debug": "2.2.0",
        "depd": "1.0.1",
        "on-headers": "1.0.0",
        "parseurl": "1.3.0",
        "uid-safe": "2.0.0",
        "utils-merge": "1.0.0"
      },
      "dependencies": {
        "cookie": {
          "version": "0.1.3",
          "resolved": "https://registry.npmjs.org/cookie/-/cookie-0.1.3.tgz",
          "integrity": "sha1-5zSlwUF/zkctWu+Cw4HKu2TRpDU="
        },
        "cookie-signature": {
          "version": "1.0.6",
          "resolved": "https://registry.npmjs.org/cookie-signature/-/cookie-signature-1.0.6.tgz",
          "integrity": "sha1-4wOogrNCzD7oylE6eZmXNNqzriw="
        },
        "crc": {
          "version": "3.3.0",
          "resolved": "https://registry.npmjs.org/crc/-/crc-3.3.0.tgz",
          "integrity": "sha1-+mIuG8OIvyVzCQgta2UgDOZwkLo="
        },
        "depd": {
          "version": "1.0.1",
          "resolved": "http://registry.npm.taobao.org/depd/download/depd-1.0.1.tgz",
          "integrity": "sha1-gK7GTJ1tl+ZcwqnKqTwKpqv3Oqo="
        },
        "on-headers": {
          "version": "1.0.0",
          "resolved": "https://registry.npmjs.org/on-headers/-/on-headers-1.0.0.tgz",
          "integrity": "sha1-LHW12kN1UT0BYcYFLn/L5JU/yl0="
        },
        "parseurl": {
          "version": "1.3.0",
          "resolved": "http://registry.npm.taobao.org/parseurl/download/parseurl-1.3.0.tgz",
          "integrity": "sha1-tYBG20Ij4UWvp2AJ5hush8wigbM="
        },
        "uid-safe": {
          "version": "2.0.0",
          "resolved": "https://registry.npmjs.org/uid-safe/-/uid-safe-2.0.0.tgz",
          "integrity": "sha1-p/PGymSh9qXQTsDvPkw9U2cxcTc=",
          "requires": {
            "base64-url": "1.2.1"
          },
          "dependencies": {
            "base64-url": {
              "version": "1.2.1",
              "resolved": "https://registry.npmjs.org/base64-url/-/base64-url-1.2.1.tgz",
              "integrity": "sha1-GZ/WYXAqDnt9yubgaYuwicUvbXg="
            }
          }
        },
        "utils-merge": {
          "version": "1.0.0",
          "resolved": "https://registry.npmjs.org/utils-merge/-/utils-merge-1.0.0.tgz",
          "integrity": "sha1-ApT7kiu5N1FTVBxPcJYjHyh8ivg="
        }
      }
    },
    "morgan": {
      "version": "1.5.3",
      "resolved": "https://registry.npmjs.org/morgan/-/morgan-1.5.3.tgz",
      "integrity": "sha1-ittOcvnlxUNuXZP0KRCDX3nan98=",
      "requires": {
        "basic-auth": "1.0.1",
        "debug": "2.2.0",
        "depd": "1.0.1",
        "on-finished": "2.2.1"
      },
      "dependencies": {
        "basic-auth": {
          "version": "1.0.1",
          "resolved": "http://registry.npm.taobao.org/basic-auth/download/basic-auth-1.0.1.tgz",
          "integrity": "sha1-S64dv78K7E3F3Eeo02dbUBQPO/g="
        },
        "depd": {
          "version": "1.0.1",
          "resolved": "http://registry.npm.taobao.org/depd/download/depd-1.0.1.tgz",
          "integrity": "sha1-gK7GTJ1tl+ZcwqnKqTwKpqv3Oqo="
        },
        "on-finished": {
          "version": "2.2.1",
          "resolved": "http://registry.npm.taobao.org/on-finished/download/on-finished-2.2.1.tgz",
          "integrity": "sha1-XIXBzDYpn3gCllP2Z/J7a5nrwCk=",
          "requires": {
            "ee-first": "1.1.0"
          },
          "dependencies": {
            "ee-first": {
              "version": "1.1.0",
              "resolved": "http://registry.npm.taobao.org/ee-first/download/ee-first-1.1.0.tgz",
              "integrity": "sha1-ag18YiHkkP7v2S7D9EHJzozQl/Q="
            }
          }
        }
      }
    },
    "mysql": {
      "version": "2.7.0",
      "resolved": "https://registry.npmjs.org/mysql/-/mysql-2.7.0.tgz",
      "integrity": "sha1-AvmcDsraAcHcoQDZamIC9AyIJh0=",
      "requires": {
        "bignumber.js": "2.0.7",
        "readable-stream": "1.1.13",
        "require-all": "1.0.0"
      },
      "dependencies": {
        "bignumber.js": {
          "version": "2.0.7",
          "resolved": "https://registry.npmjs.org/bignumber.js/-/bignumber.js-2.0.7.tgz",
          "integrity": "sha1-husHB89qURCQnSPm6nQ0wU9QDxw="
        },
        "readable-stream": {
          "version": "1.1.13",
          "resolved": "http://registry.npm.taobao.org/readable-stream/download/readable-stream-1.1.13.tgz",
          "integrity": "sha1-9u73ZPUUyJ4rniMUanW6EGdW0j4=",
          "requires": {
            "core-util-is": "1.0.1",
            "inherits": "2.0.1",
            "isarray": "0.0.1",
            "string_decoder": "0.10.31"
          },
          "dependencies": {
            "core-util-is": {
              "version": "1.0.1",
              "resolved": "http://registry.npm.taobao.org/core-util-is/download/core-util-is-1.0.1.tgz",
              "integrity": "sha1-awcIWu+aPMrG7lO/nT3wwVIaVTg="
            },
            "inherits": {
              "version": "2.0.1",
              "resolved": "http://registry.npm.taobao.org/inherits/download/inherits-2.0.1.tgz",
              "integrity": "sha1-sX0I0ya0Qj5Wjv9xn5GwscvfafE="
            },
            "isarray": {
              "version": "0.0.1",
              "resolved": "https://registry.npmjs.org/isarray/-/isarray-0.0.1.tgz",
              "integrity": "sha1-ihis/Kmo9Bd+Cav8YDiTmwXR7t8="
            },
            "string_decoder": {
              "version": "0.10.31",
              "resolved": "http://registry.npm.taobao.org/string_decoder/download/string_decoder-0.10.31.tgz",
              "integrity": "sha1-YuIDvEF2bGwoyfyEMB2rHFMQ+pQ="
            }
          }
        },
        "require-all": {
          "version": "1.0.0",
          "resolved": "https://registry.npmjs.org/require-all/-/require-all-1.0.0.tgz",
          "integrity": "sha1-hINwjnzkxt+tmItQgPl4KbktIic="
        }
      }
    },
    "serve-favicon": {
      "version": "2.2.1",
      "resolved": "http://registry.npm.taobao.org/serve-favicon/download/serve-favicon-2.2.1.tgz",
      "integrity": "sha1-2XuswVD2b+DlzEx4qEuhW65aWEo=",
      "requires": {
        "etag": "1.6.0",
        "fresh": "0.2.4",
        "ms": "0.7.1",
        "parseurl": "1.3.0"
      },
      "dependencies": {
        "etag": {
          "version": "1.6.0",
          "resolved": "http://registry.npm.taobao.org/etag/download/etag-1.6.0.tgz",
          "integrity": "sha1-i8ssavElTEgd/IuZfJBu9ORCwgc=",
          "requires": {
            "crc": "3.2.1"
          },
          "dependencies": {
            "crc": {
              "version": "3.2.1",
              "resolved": "http://registry.npm.taobao.org/crc/download/crc-3.2.1.tgz",
              "integrity": "sha1-XZyPt3okXNXsopHl0tAFM0urAII="
            }
          }
        },
        "fresh": {
          "version": "0.2.4",
          "resolved": "http://registry.npm.taobao.org/fresh/download/fresh-0.2.4.tgz",
          "integrity": "sha1-NYJJkgbJcjcUGQ7ddLRgT+tKYUw="
        },
        "ms": {
          "version": "0.7.1",
          "resolved": "http://registry.npm.taobao.org/ms/download/ms-0.7.1.tgz",
          "integrity": "sha1-nNE8A62/8ltl7/3nzoZO6VIBcJg="
        },
        "parseurl": {
          "version": "1.3.0",
          "resolved": "http://registry.npm.taobao.org/parseurl/download/parseurl-1.3.0.tgz",
          "integrity": "sha1-tYBG20Ij4UWvp2AJ5hush8wigbM="
        }
      }
    }
  }
}
